
Microsoft Visual Studio Solution File, Format Version 12.00
# Visual Studio Version 17
VisualStudioVersion = 17.0.31903.59
MinimumVisualStudioVersion = 10.0.40219.1
Project("{2150E333-8FDC-42A3-9474-1A3956D46DE8}") = "src", "src", "{827E0CD3-B72D-47B6-A68D-7590B98EB39B}"
EndProject
Project("{FAE04EC0-301F-11D3-BF4B-00C04F79EFBC}") = "Domain", "src\Domain\Domain.csproj", "{F432F09E-C324-41D7-96AD-52EA9D3B02C6}"
EndProject
Project("{FAE04EC0-301F-11D3-BF4B-00C04F79EFBC}") = "Application", "src\Application\Application.csproj", "{A72A467F-09E5-4503-B114-269512D64392}"
EndProject
Project("{FAE04EC0-301F-11D3-BF4B-00C04F79EFBC}") = "Infrastructure", "src\Infrastructure\Infrastructure.csproj", "{02F52801-7A62-420A-A022-F7826FC55287}"
EndProject
Project("{FAE04EC0-301F-11D3-BF4B-00C04F79EFBC}") = "Api", "src\Api\Api.csproj", "{98726475-13E8-4137-99C3-7FAC8A998B3C}"
EndProject
Project("{2150E333-8FDC-42A3-9474-1A3956D46DE8}") = "tests", "tests", "{0AB3BF05-4346-4AA6-1389-037BE0695223}"
EndProject
Project("{FAE04EC0-301F-11D3-BF4B-00C04F79EFBC}") = "Domain.Tests", "tests\Domain.Tests\Domain.Tests.csproj", "{5EBD0254-F28B-4B4A-87E3-6F0EDC3947D3}"
EndProject
Project("{FAE04EC0-301F-11D3-BF4B-00C04F79EFBC}") = "Application.Tests", "tests\Application.Tests\Application.Tests.csproj", "{C5B394AA-58DF-414B-9486-84246736DB9C}"
EndProject
Project("{FAE04EC0-301F-11D3-BF4B-00C04F79EFBC}") = "Api.Tests", "tests\Api.Tests\Api.Tests.csproj", "{F0FB27DB-FA78-4602-98BE-399733CC07C5}"
EndProject
Project("{54A90642-561A-4BB1-A94E-469ADEE60C69}") = "frontend", "frontend\frontend.esproj", "{287DF7B4-2852-4795-9829-2FC829A25D5A}"
EndProject
Global
	GlobalSection(SolutionConfigurationPlatforms) = preSolution
		Debug|Any CPU = Debug|Any CPU
		Debug|x64 = Debug|x64
		Debug|x86 = Debug|x86
		Release|Any CPU = Release|Any CPU
		Release|x64 = Release|x64
		Release|x86 = Release|x86
	EndGlobalSection
	GlobalSection(ProjectConfigurationPlatforms) = postSolution
		{F432F09E-C324-41D7-96AD-52EA9D3B02C6}.Debug|Any CPU.ActiveCfg = Debug|Any CPU
		{F432F09E-C324-41D7-96AD-52EA9D3B02C6}.Debug|Any CPU.Build.0 = Debug|Any CPU
		{F432F09E-C324-41D7-96AD-52EA9D3B02C6}.Debug|x64.ActiveCfg = Debug|Any CPU
		{F432F09E-C324-41D7-96AD-52EA9D3B02C6}.Debug|x64.Build.0 = Debug|Any CPU
		{F432F09E-C324-41D7-96AD-52EA9D3B02C6}.Debug|x86.ActiveCfg = Debug|Any CPU
		{F432F09E-C324-41D7-96AD-52EA9D3B02C6}.Debug|x86.Build.0 = Debug|Any CPU
		{F432F09E-C324-41D7-96AD-52EA9D3B02C6}.Release|Any CPU.ActiveCfg = Release|Any CPU
		{F432F09E-C324-41D7-96AD-52EA9D3B02C6}.Release|Any CPU.Build.0 = Release|Any CPU
		{F432F09E-C324-41D7-96AD-52EA9D3B02C6}.Release|x64.ActiveCfg = Release|Any CPU
		{F432F09E-C324-41D7-96AD-52EA9D3B02C6}.Release|x64.Build.0 = Release|Any CPU
		{F432F09E-C324-41D7-96AD-52EA9D3B02C6}.Release|x86.ActiveCfg = Release|Any CPU
		{F432F09E-C324-41D7-96AD-52EA9D3B02C6}.Release|x86.Build.0 = Release|Any CPU
		{A72A467F-09E5-4503-B114-269512D64392}.Debug|Any CPU.ActiveCfg = Debug|Any CPU
		{A72A467F-09E5-4503-B114-269512D64392}.Debug|Any CPU.Build.0 = Debug|Any CPU
		{A72A467F-09E5-4503-B114-269512D64392}.Debug|x64.ActiveCfg = Debug|Any CPU
		{A72A467F-09E5-4503-B114-269512D64392}.Debug|x64.Build.0 = Debug|Any CPU
		{A72A467F-09E5-4503-B114-269512D64392}.Debug|x86.ActiveCfg = Debug|Any CPU
		{A72A467F-09E5-4503-B114-269512D64392}.Debug|x86.Build.0 = Debug|Any CPU
		{A72A467F-09E5-4503-B114-269512D64392}.Release|Any CPU.ActiveCfg = Release|Any CPU
		{A72A467F-09E5-4503-B114-269512D64392}.Release|Any CPU.Build.0 = Release|Any CPU
		{A72A467F-09E5-4503-B114-269512D64392}.Release|x64.ActiveCfg = Release|Any CPU
		{A72A467F-09E5-4503-B114-269512D64392}.Release|x64.Build.0 = Release|Any CPU
		{A72A467F-09E5-4503-B114-269512D64392}.Release|x86.ActiveCfg = Release|Any CPU
		{A72A467F-09E5-4503-B114-269512D64392}.Release|x86.Build.0 = Release|Any CPU
		{02F52801-7A62-420A-A022-F7826FC55287}.Debug|Any CPU.ActiveCfg = Debug|Any CPU
		{02F52801-7A62-420A-A022-F7826FC55287}.Debug|Any CPU.Build.0 = Debug|Any CPU
		{02F52801-7A62-420A-A022-F7826FC55287}.Debug|x64.ActiveCfg = Debug|Any CPU
		{02F52801-7A62-420A-A022-F7826FC55287}.Debug|x64.Build.0 = Debug|Any CPU
		{02F52801-7A62-420A-A022-F7826FC55287}.Debug|x86.ActiveCfg = Debug|Any CPU
		{02F52801-7A62-420A-A022-F7826FC55287}.Debug|x86.Build.0 = Debug|Any CPU
		{02F52801-7A62-420A-A022-F7826FC55287}.Release|Any CPU.ActiveCfg = Release|Any CPU
		{02F52801-7A62-420A-A022-F7826FC55287}.Release|Any CPU.Build.0 = Release|Any CPU
		{02F52801-7A62-420A-A022-F7826FC55287}.Release|x64.ActiveCfg = Release|Any CPU
		{02F52801-7A62-420A-A022-F7826FC55287}.Release|x64.Build.0 = Release|Any CPU
		{02F52801-7A62-420A-A022-F7826FC55287}.Release|x86.ActiveCfg = Release|Any CPU
		{02F52801-7A62-420A-A022-F7826FC55287}.Release|x86.Build.0 = Release|Any CPU
		{98726475-13E8-4137-99C3-7FAC8A998B3C}.Debug|Any CPU.ActiveCfg = Debug|Any CPU
		{98726475-13E8-4137-99C3-7FAC8A998B3C}.Debug|Any CPU.Build.0 = Debug|Any CPU
		{98726475-13E8-4137-99C3-7FAC8A998B3C}.Debug|x64.ActiveCfg = Debug|Any CPU
		{98726475-13E8-4137-99C3-7FAC8A998B3C}.Debug|x64.Build.0 = Debug|Any CPU
		{98726475-13E8-4137-99C3-7FAC8A998B3C}.Debug|x86.ActiveCfg = Debug|Any CPU
		{98726475-13E8-4137-99C3-7FAC8A998B3C}.Debug|x86.Build.0 = Debug|Any CPU
		{98726475-13E8-4137-99C3-7FAC8A998B3C}.Release|Any CPU.ActiveCfg = Release|Any CPU
		{98726475-13E8-4137-99C3-7FAC8A998B3C}.Release|Any CPU.Build.0 = Release|Any CPU
		{98726475-13E8-4137-99C3-7FAC8A998B3C}.Release|x64.ActiveCfg = Release|Any CPU
		{98726475-13E8-4137-99C3-7FAC8A998B3C}.Release|x64.Build.0 = Release|Any CPU
		{98726475-13E8-4137-99C3-7FAC8A998B3C}.Release|x86.ActiveCfg = Release|Any CPU
		{98726475-13E8-4137-99C3-7FAC8A998B3C}.Release|x86.Build.0 = Release|Any CPU
		{5EBD0254-F28B-4B4A-87E3-6F0EDC3947D3}.Debug|Any CPU.ActiveCfg = Debug|Any CPU
		{5EBD0254-F28B-4B4A-87E3-6F0EDC3947D3}.Debug|Any CPU.Build.0 = Debug|Any CPU
		{5EBD0254-F28B-4B4A-87E3-6F0EDC3947D3}.Debug|x64.ActiveCfg = Debug|Any CPU
		{5EBD0254-F28B-4B4A-87E3-6F0EDC3947D3}.Debug|x64.Build.0 = Debug|Any CPU
		{5EBD0254-F28B-4B4A-87E3-6F0EDC3947D3}.Debug|x86.ActiveCfg = Debug|Any CPU
		{5EBD0254-F28B-4B4A-87E3-6F0EDC3947D3}.Debug|x86.Build.0 = Debug|Any CPU
		{5EBD0254-F28B-4B4A-87E3-6F0EDC3947D3}.Release|Any CPU.ActiveCfg = Release|Any CPU
		{5EBD0254-F28B-4B4A-87E3-6F0EDC3947D3}.Release|Any CPU.Build.0 = Release|Any CPU
		{5EBD0254-F28B-4B4A-87E3-6F0EDC3947D3}.Release|x64.ActiveCfg = Release|Any CPU
		{5EBD0254-F28B-4B4A-87E3-6F0EDC3947D3}.Release|x64.Build.0 = Release|Any CPU
		{5EBD0254-F28B-4B4A-87E3-6F0EDC3947D3}.Release|x86.ActiveCfg = Release|Any CPU
		{5EBD0254-F28B-4B4A-87E3-6F0EDC3947D3}.Release|x86.Build.0 = Release|Any CPU
		{C5B394AA-58DF-414B-9486-84246736DB9C}.Debug|Any CPU.ActiveCfg = Debug|Any CPU
		{C5B394AA-58DF-414B-9486-84246736DB9C}.Debug|Any CPU.Build.0 = Debug|Any CPU
		{C5B394AA-58DF-414B-9486-84246736DB9C}.Debug|x64.ActiveCfg = Debug|Any CPU
		{C5B394AA-58DF-414B-9486-84246736DB9C}.Debug|x64.Build.0 = Debug|Any CPU
		{C5B394AA-58DF-414B-9486-84246736DB9C}.Debug|x86.ActiveCfg = Debug|Any CPU
		{C5B394AA-58DF-414B-9486-84246736DB9C}.Debug|x86.Build.0 = Debug|Any CPU
		{C5B394AA-58DF-414B-9486-84246736DB9C}.Release|Any CPU.ActiveCfg = Release|Any CPU
		{C5B394AA-58DF-414B-9486-84246736DB9C}.Release|Any CPU.Build.0 = Release|Any CPU
		{C5B394AA-58DF-414B-9486-84246736DB9C}.Release|x64.ActiveCfg = Release|Any CPU
		{C5B394AA-58DF-414B-9486-84246736DB9C}.Release|x64.Build.0 = Release|Any CPU
		{C5B394AA-58DF-414B-9486-84246736DB9C}.Release|x86.ActiveCfg = Release|Any CPU
		{C5B394AA-58DF-414B-9486-84246736DB9C}.Release|x86.Build.0 = Release|Any CPU
		{F0FB27DB-FA78-4602-98BE-399733CC07C5}.Debug|Any CPU.ActiveCfg = Debug|Any CPU
		{F0FB27DB-FA78-4602-98BE-399733CC07C5}.Debug|Any CPU.Build.0 = Debug|Any CPU
		{F0FB27DB-FA78-4602-98BE-399733CC07C5}.Debug|x64.ActiveCfg = Debug|Any CPU
		{F0FB27DB-FA78-4602-98BE-399733CC07C5}.Debug|x64.Build.0 = Debug|Any CPU
		{F0FB27DB-FA78-4602-98BE-399733CC07C5}.Debug|x86.ActiveCfg = Debug|Any CPU
		{F0FB27DB-FA78-4602-98BE-399733CC07C5}.Debug|x86.Build.0 = Debug|Any CPU
		{F0FB27DB-FA78-4602-98BE-399733CC07C5}.Release|Any CPU.ActiveCfg = Release|Any CPU
		{F0FB27DB-FA78-4602-98BE-399733CC07C5}.Release|Any CPU.Build.0 = Release|Any CPU
		{F0FB27DB-FA78-4602-98BE-399733CC07C5}.Release|x64.ActiveCfg = Release|Any CPU
		{F0FB27DB-FA78-4602-98BE-399733CC07C5}.Release|x64.Build.0 = Release|Any CPU
		{F0FB27DB-FA78-4602-98BE-399733CC07C5}.Release|x86.ActiveCfg = Release|Any CPU
		{F0FB27DB-FA78-4602-98BE-399733CC07C5}.Release|x86.Build.0 = Release|Any CPU
		{287DF7B4-2852-4795-9829-2FC829A25D5A}.Debug|Any CPU.ActiveCfg = Debug|Any CPU
		{287DF7B4-2852-4795-9829-2FC829A25D5A}.Debug|x64.ActiveCfg = Debug|Any CPU
		{287DF7B4-2852-4795-9829-2FC829A25D5A}.Debug|x86.ActiveCfg = Debug|Any CPU
		{287DF7B4-2852-4795-9829-2FC829A25D5A}.Release|Any CPU.ActiveCfg = Release|Any CPU
		{287DF7B4-2852-4795-9829-2FC829A25D5A}.Release|x64.ActiveCfg = Release|Any CPU
		{287DF7B4-2852-4795-9829-2FC829A25D5A}.Release|x86.ActiveCfg = Release|Any CPU
	EndGlobalSection
	GlobalSection(SolutionProperties) = preSolution
		HideSolutionNode = FALSE
	EndGlobalSection
	GlobalSection(NestedProjects) = preSolution
		{F432F09E-C324-41D7-96AD-52EA9D3B02C6} = {827E0CD3-B72D-47B6-A68D-7590B98EB39B}
		{A72A467F-09E5-4503-B114-269512D64392} = {827E0CD3-B72D-47B6-A68D-7590B98EB39B}
		{02F52801-7A62-420A-A022-F7826FC55287} = {827E0CD3-B72D-47B6-A68D-7590B98EB39B}
		{98726475-13E8-4137-99C3-7FAC8A998B3C} = {827E0CD3-B72D-47B6-A68D-7590B98EB39B}
		{5EBD0254-F28B-4B4A-87E3-6F0EDC3947D3} = {0AB3BF05-4346-4AA6-1389-037BE0695223}
		{C5B394AA-58DF-414B-9486-84246736DB9C} = {0AB3BF05-4346-4AA6-1389-037BE0695223}
		{F0FB27DB-FA78-4602-98BE-399733CC07C5} = {0AB3BF05-4346-4AA6-1389-037BE0695223}
	EndGlobalSection
EndGlobal
